// !$*UTF8*$!
{
	archiveVersion = 1;
	classes = {
	};
	objectVersion = 46;
	objects = {

/* Begin PBXBuildFile section */
		6A1165FD1C840C300063A92E /* AppDelegate.swift in Sources */ = {isa = PBXBuildFile; fileRef = 6A1165FC1C840C300063A92E /* AppDelegate.swift */; };
		6A1165FF1C840C300063A92E /* ViewController.swift in Sources */ = {isa = PBXBuildFile; fileRef = 6A1165FE1C840C300063A92E /* ViewController.swift */; };
		6A1166021C840C300063A92E /* Main.storyboard in Resources */ = {isa = PBXBuildFile; fileRef = 6A1166001C840C300063A92E /* Main.storyboard */; };
		6A1166041C840C300063A92E /* Assets.xcassets in Resources */ = {isa = PBXBuildFile; fileRef = 6A1166031C840C300063A92E /* Assets.xcassets */; };
		6A1166071C840C300063A92E /* LaunchScreen.storyboard in Resources */ = {isa = PBXBuildFile; fileRef = 6A1166051C840C300063A92E /* LaunchScreen.storyboard */; };
		6A11660F1C840C6B0063A92E /* Datos.swift in Sources */ = {isa = PBXBuildFile; fileRef = 6A11660E1C840C6B0063A92E /* Datos.swift */; };
/* End PBXBuildFile section */

/* Begin PBXFileReference section */
		6A1165F91C840C300063A92E /* HamburguesasEnElMundo.app */ = {isa = PBXFileReference; explicitFileType = wrapper.application; includeInIndex = 0; path = HamburguesasEnElMundo.app; sourceTree = BUILT_PRODUCTS_DIR; };
		6A1165FC1C840C300063A92E /* AppDelegate.swift */ = {isa = PBXFileReference; lastKnownFileType = sourcecode.swift; path = AppDelegate.swift; sourceTree = "<group>"; };
		6A1165FE1C840C300063A92E /* ViewController.swift */ = {isa = PBXFileReference; lastKnownFileType = sourcecode.swift; path = ViewController.swift; sourceTree = "<group>"; };
		6A1166011C840C300063A92E /* Base */ = {isa = PBXFileReference; lastKnownFileType = file.storyboard; name = Base; path = Base.lproj/Main.storyboard; sourceTree = "<group>"; };
		6A1166031C840C300063A92E /* Assets.xcassets */ = {isa = PBXFileReference; lastKnownFileType = folder.assetcatalog; path = Assets.xcassets; sourceTree = "<group>"; };
		6A1166061C840C300063A92E /* Base */ = {isa = PBXFileReference; lastKnownFileType = file.storyboard; name = Base; path = Base.lproj/LaunchScreen.storyboard; sourceTree = "<group>"; };
		6A1166081C840C300063A92E /* Info.plist */ = {isa = PBXFileReference; lastKnownFileType = text.plist.xml; path = Info.plist; sourceTree = "<group>"; };
		6A11660E1C840C6B0063A92E /* Datos.swift */ = {isa = PBXFileReference; fileEncoding = 4; lastKnownFileType = sourcecode.swift; path = Datos.swift; sourceTree = "<group>"; };
/* End PBXFileReference section */

/* Begin PBXFrameworksBuildPhase section */
		6A1165F61C840C300063A92E /* Frameworks */ = {
			isa = PBXFrameworksBuildPhase;
			buildActionMask = 2147483647;
			files = (
			);
			runOnlyForDeploymentPostprocessing = 0;
		};
/* End PBXFrameworksBuildPhase section */

/* Begin PBXGroup section */
		6A1165F01C840C300063A92E = {
			isa = PBXGroup;
			children = (
				6A1165FB1C840C300063A92E /* HamburguesasEnElMundo */,
				6A1165FA1C840C300063A92E /* Products */,
			);
			sourceTree = "<group>";
		};
		6A1165FA1C840C300063A92E /* Products */ = {
			isa = PBXGroup;
			children = (
				6A1165F91C840C300063A92E /* HamburguesasEnElMundo.app */,
			);
			name = Products;
			sourceTree = "<group>";
		};
		6A1165FB1C840C300063A92E /* HamburguesasEnElMundo */ = {
			isa = PBXGroup;
			children = (
				6A1165FC1C840C300063A92E /* AppDelegate.swift */,
				6A1165FE1C840C300063A92E /* ViewController.swift */,
				6A1166001C840C300063A92E /* Main.storyboard */,
				6A1166031C840C300063A92E /* Assets.xcassets */,
				6A1166051C840C300063A92E /* LaunchScreen.storyboard */,
				6A1166081C840C300063A92E /* Info.plist */,
				6A11660E1C840C6B0063A92E /* Datos.swift */,
			);
			path = HamburguesasEnElMundo;
			sourceTree = "<group>";
		};
/* End PBXGroup section */

/* Begin PBXNativeTarget section */
		6A1165F81C840C300063A92E /* HamburguesasEnElMundo */ = {
			isa = PBXNativeTarget;
			buildConfigurationList = 6A11660B1C840C310063A92E /* Build configuration list for PBXNativeTarget "HamburguesasEnElMundo" */;
			buildPhases = (
				6A1165F51C840C300063A92E /* Sources */,
				6A1165F61C840C300063A92E /* Frameworks */,
				6A1165F71C840C300063A92E /* Resources */,
			);
			buildRules = (
			);
			dependencies = (
			);
			name = HamburguesasEnElMundo;
			productName = HamburguesasEnElMundo;
			productReference = 6A1165F91C840C300063A92E /* HamburguesasEnElMundo.app */;
			productType = "com.apple.product-type.application";
		};
/* End PBXNativeTarget section */

/* Begin PBXProject section */
		6A1165F11C840C300063A92E /* Project object */ = {
			isa = PBXProject;
			attributes = {
				LastSwiftUpdateCheck = 0720;
				LastUpgradeCheck = 0720;
				ORGANIZATIONNAME = "Isaias Varela";
				TargetAttributes = {
					6A1165F81C840C300063A92E = {
						CreatedOnToolsVersion = 7.2.1;
					};
				};
			};
			buildConfigurationList = 6A1165F41C840C300063A92E /* Build configuration list for PBXProject "HamburguesasEnElMundo" */;
			compatibilityVersion = "Xcode 3.2";
			developmentRegion = English;
			hasScannedForEncodings = 0;
			knownRegions = (
				en,
				Base,
			);
			mainGroup = 6A1165F01C840C300063A92E;
			productRefGroup = 6A1165FA1C840C300063A92E /* Products */;
			projectDirPath = "";
			projectRoot = "";
			targets = (
				6A1165F81C840C300063A92E /* HamburguesasEnElMundo */,
			);
		};
/* End PBXProject section */

/* Begin PBXResourcesBuildPhase section */
		6A1165F71C840C300063A92E /* Resources */ = {
			isa = PBXResourcesBuildPhase;
			buildActionMask = 2147483647;
			files = (
				6A1166071C840C300063A92E /* LaunchScreen.storyboard in Resources */,
				6A1166041C840C300063A92E /* Assets.xcassets in Resources */,
				6A1166021C840C300063A92E /* Main.storyboard in Resources */,
			);
			runOnlyForDeploymentPostprocessing = 0;
		};
/* End PBXResourcesBuildPhase section */

/* Begin PBXSourcesBuildPhase section */
		6A1165F51C840C300063A92E /* Sources */ = {
			isa = PBXSourcesBuildPhase;
			buildActionMask = 2147483647;
			files = (
				6A1165FF1C840C300063A92E /* ViewController.swift in Sources */,
				6A1165FD1C840C300063A92E /* AppDelegate.swift in Sources */,
				6A11660F1C840C6B0063A92E /* Datos.swift in Sources */,
			);
			runOnlyForDeploymentPostprocessing = 0;
		};
/* End PBXSourcesBuildPhase section */

/* Begin PBXVariantGroup section */
		6A1166001C840C300063A92E /* Main.storyboard */ = {
			isa = PBXVariantGroup;
			children = (
				6A1166011C840C300063A92E /* Base */,
			);
			name = Main.storyboard;
			sourceTree = "<group>";
		};
		6A1166051C840C300063A92E /* LaunchScreen.storyboard */ = {
			isa = PBXVariantGroup;
			children = (
				6A1166061C840C300063A92E /* Base */,
			);
			name = LaunchScreen.storyboard;
			sourceTree = "<group>";
		};
/* End PBXVariantGroup section */

/* Begin XCBuildConfiguration section */
		6A1166091C840C310063A92E /* Debug */ = {
			isa = XCBuildConfiguration;
			buildSettings = {
				ALWAYS_SEARCH_USER_PATHS = NO;
				CLANG_CXX_LANGUAGE_STANDARD = "gnu++0x";
				CLANG_CXX_LIBRARY = "libc++";
				CLANG_ENABLE_MODULES = YES;
				CLANG_ENABLE_OBJC_ARC = YES;
				CLANG_WARN_BOOL_CONVERSION = YES;
				CLANG_WARN_CONSTANT_CONVERSION = YES;
				CLANG_WARN_DIRECT_OBJC_ISA_USAGE = YES_ERROR;
				CLANG_WARN_EMPTY_BODY = YES;
				CLANG_WARN_ENUM_CONVERSION = YES;
				CLANG_WARN_INT_CONVERSION = YES;
				CLANG_WARN_OBJC_ROOT_CLASS = YES_ERROR;
				CLANG_WARN_UNREACHABLE_CODE = YES;
				CLANG_WARN__DUPLICATE_METHOD_MATCH = YES;
				"CODE_SIGN_IDENTITY[sdk=iphoneos*]" = "iPhone Developer";
				COPY_PHASE_STRIP = NO;
				DEBUG_INFORMATION_FORMAT = dwarf;
				ENABLE_STRICT_OBJC_MSGSEND = YES;
				ENABLE_TESTABILITY = YES;
				GCC_C_LANGUAGE_STANDARD = gnu99;
				GCC_DYNAMIC_NO_PIC = NO;
				GCC_NO_COMMON_BLOCKS = YES;
				GCC_OPTIMIZATION_LEVEL = 0;
				GCC_PREPROCESSOR_DEFINITIONS = (
					"DEBUG=1",
					"$(inherited)",
				);
				GCC_WARN_64_TO_32_BIT_CONVERSION = YES;
				GCC_WARN_ABOUT_RETURN_TYPE = YES_ERROR;
				GCC_WARN_UNDECLARED_SELECTOR = YES;
				GCC_WARN_UNINITIALIZED_AUTOS = YES_AGGRESSIVE;
				GCC_WARN_UNUSED_FUNCTION = YES;
				GCC_WARN_UNUSED_VARIABLE = YES;
				IPHONEOS_DEPLOYMENT_TARGET = 9.2;
				MTL_ENABLE_DEBUG_INFO = YES;
				ONLY_ACTIVE_ARCH = YES;
				SDKROOT = iphoneos;
				SWIFT_OPTIMIZATION_LEVEL = "-Onone";
			};
			name = Debug;
		};
		6A11660A1C840C310063A92E /* Release */ = {
			isa = XCBuildConfiguration;
			buildSettings = {
				ALWAYS_SEARCH_USER_PATHS = NO;
				CLANG_CXX_LANGUAGE_STANDARD = "gnu++0x";
				CLANG_CXX_LIBRARY = "libc++";
				CLANG_ENABLE_MODULES = YES;
				CLANG_ENABLE_OBJC_ARC = YES;
				CLANG_WARN_BOOL_CONVERSION = YES;
				CLANG_WARN_CONSTANT_CONVERSION = YES;
				CLANG_WARN_DIRECT_OBJC_ISA_USAGE = YES_ERROR;
				CLANG_WARN_EMPTY_BODY = YES;
				CLANG_WARN_ENUM_CONVERSION = YES;
				CLANG_WARN_INT_CONVERSION = YES;
				CLANG_WARN_OBJC_ROOT_CLASS = YES_ERROR;
				CLANG_WARN_UNREACHABLE_CODE = YES;
				CLANG_WARN__DUPLICATE_METHOD_MATCH = YES;
				"CODE_SIGN_IDENTITY[sdk=iphoneos*]" = "iPhone Developer";
				COPY_PHASE_STRIP = NO;
				DEBUG_INFORMATION_FORMAT = "dwarf-with-dsym";
				ENABLE_NS_ASSERTIONS = NO;
				ENABLE_STRICT_OBJC_MSGSEND = YES;
				GCC_C_LANGUAGE_STANDARD = gnu99;
				GCC_NO_COMMON_BLOCKS = YES;
				GCC_WARN_64_TO_32_BIT_CONVERSION = YES;
				GCC_WARN_ABOUT_RETURN_TYPE = YES_ERROR;
				GCC_WARN_UNDECLARED_SELECTOR = YES;
				GCC_WARN_UNINITIALIZED_AUTOS = YES_AGGRESSIVE;
				GCC_WARN_UNUSED_FUNCTION = YES;
				GCC_WARN_UNUSED_VARIABLE = YES;
				IPHONEOS_DEPLOYMENT_TARGET = 9.2;
				MTL_ENABLE_DEBUG_INFO = NO;
				SDKROOT = iphoneos;
				VALIDATE_PRODUCT = YES;
			};
			name = Release;
		};
		6A11660C1C840C310063A92E /* Debug */ = {
			isa = XCBuildConfiguration;
			buildSettings = {
				ASSETCATALOG_COMPILER_APPICON_NAME = AppIcon;
				INFOPLIST_FILE = HamburguesasEnElMundo/Info.plist;
				LD_RUNPATH_SEARCH_PATHS = "$(inherited) @executable_path/Frameworks";
				PRODUCT_BUNDLE_IDENTIFIER = IsaiasVarela.HamburguesasEnElMundo;
				PRODUCT_NAME = "$(TARGET_NAME)";
			};
			name = Debug;
		};
		6A11660D1C840C310063A92E /* Release */ = {
			isa = XCBuildConfiguration;
			buildSettings = {
				ASSETCATALOG_COMPILER_APPICON_NAME = AppIcon;
				INFOPLIST_FILE = HamburguesasEnElMundo/Info.plist;
				LD_RUNPATH_SEARCH_PATHS = "$(inherited) @executable_path/Frameworks";
				PRODUCT_BUNDLE_IDENTIFIER = IsaiasVarela.HamburguesasEnElMundo;
				PRODUCT_NAME = "$(TARGET_NAME)";
			};
			name = Release;
		};
/* End XCBuildConfiguration section */

/* Begin XCConfigurationList section */
		6A1165F41C840C300063A92E /* Build configuration list for PBXProject "HamburguesasEnElMundo" */ = {
			isa = XCConfigurationList;
			buildConfigurations = (
				6A1166091C840C310063A92E /* Debug */,
				6A11660A1C840C310063A92E /* Release */,
			);
			defaultConfigurationIsVisible = 0;
			defaultConfigurationName = Release;
		};
		6A11660B1C840C310063A92E /* Build configuration list for PBXNativeTarget "HamburguesasEnElMundo" */ = {
			isa = XCConfigurationList;
			buildConfigurations = (
				6A11660C1C840C310063A92E /* Debug */,
				6A11660D1C840C310063A92E /* Release */,
			);
			defaultConfigurationIsVisible = 0;
		};
/* End XCConfigurationList section */
	};
	rootObject = 6A1165F11C840C300063A92E /* Project object */;
}
